
Microsoft Visual Studio Solution File, Format Version 10.00
# Visual Studio 2008
Project("{FAE04EC0-301F-11D3-BF4B-00C04F79EFBC}") = "kalitim_7_uygulama", "kalitim_7_uygulama\kalitim_7_uygulama.csproj", "{800BBB4D-08A7-4F1B-BD54-95359696380B}"
EndProject
Global
	GlobalSection(SolutionConfigurationPlatforms) = preSolution
		Debug|Any CPU = Debug|Any CPU
		Release|Any CPU = Release|Any CPU
	EndGlobalSection
	GlobalSection(ProjectConfigurationPlatforms) = postSolution
		{800BBB4D-08A7-4F1B-BD54-95359696380B}.Debug|Any CPU.ActiveCfg = Debug|Any CPU
		{800BBB4D-08A7-4F1B-BD54-95359696380B}.Debug|Any CPU.Build.0 = Debug|Any CPU
		{800BBB4D-08A7-4F1B-BD54-95359696380B}.Release|Any CPU.ActiveCfg = Release|Any CPU
		{800BBB4D-08A7-4F1B-BD54-95359696380B}.Release|Any CPU.Build.0 = Release|Any CPU
	EndGlobalSection
	GlobalSection(SolutionProperties) = preSolution
		HideSolutionNode = FALSE
	EndGlobalSection
EndGlobal
