
Microsoft Visual Studio Solution File, Format Version 10.00
# Visual Studio 2008
Project("{FAE04EC0-301F-11D3-BF4B-00C04F79EFBC}") = "siniflar_5", "siniflar_5\siniflar_5.csproj", "{E7150F98-4209-4E1F-8088-2F1C9CF7AF79}"
EndProject
Global
	GlobalSection(SolutionConfigurationPlatforms) = preSolution
		Debug|Any CPU = Debug|Any CPU
		Release|Any CPU = Release|Any CPU
	EndGlobalSection
	GlobalSection(ProjectConfigurationPlatforms) = postSolution
		{E7150F98-4209-4E1F-8088-2F1C9CF7AF79}.Debug|Any CPU.ActiveCfg = Debug|Any CPU
		{E7150F98-4209-4E1F-8088-2F1C9CF7AF79}.Debug|Any CPU.Build.0 = Debug|Any CPU
		{E7150F98-4209-4E1F-8088-2F1C9CF7AF79}.Release|Any CPU.ActiveCfg = Release|Any CPU
		{E7150F98-4209-4E1F-8088-2F1C9CF7AF79}.Release|Any CPU.Build.0 = Release|Any CPU
	EndGlobalSection
	GlobalSection(SolutionProperties) = preSolution
		HideSolutionNode = FALSE
	EndGlobalSection
EndGlobal
